<Solution>
  <Project Path="SistemaAgenciaAutomotriz.Datos/SistemaAgenciaAutomotriz.Datos.csproj" />
  <Project Path="SistemaAgenciaAutomotriz.Dominio/SistemaAgenciaAutomotriz.Dominio.csproj" />
  <Project Path="SistemaAgenciaAutomotriz.Presentacion/SistemaAgenciaAutomotriz.Presentacion.csproj" />
</Solution>
